<?xml version="1.0" encoding="utf-8"?>
<Project ToolsVersion="4.0" xmlns="http://schemas.microsoft.com/developer/msbuild/2003">
  <ItemGroup>
    <Filter Include="Source Files">
      <UniqueIdentifier>{4FC737F1-C7A5-4376-A066-2A32D752A2FF}</UniqueIdentifier>
      <Extensions>cpp;c;cc;cxx;def;odl;idl;hpj;bat;asm;asmx</Extensions>
    </Filter>
    <Filter Include="Header Files">
      <UniqueIdentifier>{93995380-89BD-4b04-88EB-625FBE52EBFB}</UniqueIdentifier>
      <Extensions>h;hh;hpp;hxx;hm;inl;inc;xsd</Extensions>
    </Filter>
    <Filter Include="Resource Files">
      <UniqueIdentifier>{67DA6AB6-F800-4c08-8B7A-83BB121AAD01}</UniqueIdentifier>
      <Extensions>rc;ico;cur;bmp;dlg;rc2;rct;bin;rgs;gif;jpg;jpeg;jpe;resx;tiff;tif;png;wav;mfcribbon-ms</Extensions>
    </Filter>
  </ItemGroup>
  <ItemGroup>
    <Text Include="ReadMe.txt" />
  </ItemGroup>
  <ItemGroup>
    <ClInclude Include="stdafx.h">
      <Filter>Header Files</Filter>
    </ClInclude>
    <ClInclude Include="targetver.h">
      <Filter>Header Files</Filter>
    </ClInclude>
    <ClInclude Include="cbishop.h">
      <Filter>Header Files</Filter>
    </ClInclude>
    <ClInclude Include="ccastel.h">
      <Filter>Header Files</Filter>
    </ClInclude>
    <ClInclude Include="cchessboard.h">
      <Filter>Header Files</Filter>
    </ClInclude>
    <ClInclude Include="ccolor.h">
      <Filter>Header Files</Filter>
    </ClInclude>
    <ClInclude Include="cfield.h">
      <Filter>Header Files</Filter>
    </ClInclude>
    <ClInclude Include="cfigure.h">
      <Filter>Header Files</Filter>
    </ClInclude>
    <ClInclude Include="cgamemanager.h">
      <Filter>Header Files</Filter>
    </ClInclude>
    <ClInclude Include="chessclient.h">
      <Filter>Header Files</Filter>
    </ClInclude>
    <ClInclude Include="cking.h">
      <Filter>Header Files</Filter>
    </ClInclude>
    <ClInclude Include="cknight.h">
      <Filter>Header Files</Filter>
    </ClInclude>
    <ClInclude Include="cpawn.h">
      <Filter>Header Files</Filter>
    </ClInclude>
    <ClInclude Include="cplayer.h">
      <Filter>Header Files</Filter>
    </ClInclude>
    <ClInclude Include="cqueen.h">
      <Filter>Header Files</Filter>
    </ClInclude>
    <ClInclude Include="server.h">
      <Filter>Header Files</Filter>
    </ClInclude>
  </ItemGroup>
  <ItemGroup>
    <ClCompile Include="stdafx.cpp">
      <Filter>Source Files</Filter>
    </ClCompile>
    <ClCompile Include="Szachy-Serwer.cpp">
      <Filter>Source Files</Filter>
    </ClCompile>
    <ClCompile Include="cbishop.cpp">
      <Filter>Source Files</Filter>
    </ClCompile>
    <ClCompile Include="ccastel.cpp">
      <Filter>Source Files</Filter>
    </ClCompile>
    <ClCompile Include="cchessboard.cpp">
      <Filter>Source Files</Filter>
    </ClCompile>
    <ClCompile Include="ccolor.cpp">
      <Filter>Source Files</Filter>
    </ClCompile>
    <ClCompile Include="cfield.cpp">
      <Filter>Source Files</Filter>
    </ClCompile>
    <ClCompile Include="cfigure.cpp">
      <Filter>Source Files</Filter>
    </ClCompile>
    <ClCompile Include="cgamemanager.cpp">
      <Filter>Source Files</Filter>
    </ClCompile>
    <ClCompile Include="chessclient.cpp">
      <Filter>Source Files</Filter>
    </ClCompile>
    <ClCompile Include="cking.cpp">
      <Filter>Source Files</Filter>
    </ClCompile>
    <ClCompile Include="cknight.cpp">
      <Filter>Source Files</Filter>
    </ClCompile>
    <ClCompile Include="cpawn.cpp">
      <Filter>Source Files</Filter>
    </ClCompile>
    <ClCompile Include="cplayer.cpp">
      <Filter>Source Files</Filter>
    </ClCompile>
    <ClCompile Include="cqueen.cpp">
      <Filter>Source Files</Filter>
    </ClCompile>
    <ClCompile Include="server.cpp">
      <Filter>Source Files</Filter>
    </ClCompile>
  </ItemGroup>
</Project>